{
    "_readme": [
        "This file locks the dependencies of your project to a known state",
        "Read more about it at http://getcomposer.org/doc/01-basic-usage.md#composer-lock-the-lock-file"
    ],
    "hash": "c9efeeb9a2c0f0d7bb7bde6e15f1fe99",
    "packages": [
        {
            "name": "bakert/geocoder",
            "version": "master",
            "source": {
                "type": "git",
                "url": "git://github.com/bakert/geocoder.git",
                "reference": "master"
            },
            "type": "library",
            "time": "2013-09-18 17:47:11"
        },
        {
            "name": "mustache/mustache",
            "version": "v2.4.1",
            "source": {
                "type": "git",
                "url": "https://github.com/bobthecow/mustache.php.git",
                "reference": "14bc3b4f6a4770b535fc433bfd0435471ed386c6"
            },
            "dist": {
                "type": "zip",
                "url": "https://api.github.com/repos/bobthecow/mustache.php/zipball/14bc3b4f6a4770b535fc433bfd0435471ed386c6",
                "reference": "14bc3b4f6a4770b535fc433bfd0435471ed386c6",
                "shasum": ""
            },
            "require": {
                "php": ">=5.2.4"
            },
            "require-dev": {
                "phpunit/phpunit": "*"
            },
            "type": "library",
            "autoload": {
                "psr-0": {
                    "Mustache": "src/"
                }
            },
            "notification-url": "https://packagist.org/downloads/",
            "license": [
                "MIT"
            ],
            "authors": [
                {
                    "name": "Justin Hileman",
                    "email": "justin@justinhileman.info",
                    "homepage": "http://justinhileman.com"
                }
            ],
            "description": "A Mustache implementation in PHP.",
            "homepage": "https://github.com/bobthecow/mustache.php",
            "keywords": [
                "mustache",
                "templating"
            ],
            "time": "2013-08-13 04:49:23"
        }
    ],
    "packages-dev": [

    ],
    "aliases": [

    ],
    "minimum-stability": "dev",
    "stability-flags": [

    ],
    "platform": [

    ],
    "platform-dev": [

    ]
}
