{
    "_readme": [
        "This file locks the dependencies of your project to a known state",
        "Read more about it at http://getcomposer.org/doc/01-basic-usage.md#composer-lock-the-lock-file"
    ],
    "hash": "22ba7f7850e89c8ce6e23c1f4d3bc64c",
    "packages": [
        {
            "name": "bakert/geocoder",
            "version": "master",
            "source": {
                "type": "git",
                "url": "git://github.com/bakert/geocoder.git",
                "reference": "master"
            },
            "type": "library",
            "time": "2013-09-18 17:47:11"
        }
    ],
    "packages-dev": [

    ],
    "aliases": [

    ],
    "minimum-stability": "dev",
    "stability-flags": [

    ],
    "platform": [

    ],
    "platform-dev": [

    ]
}
